// !$*UTF8*$!
{
	archiveVersion = 1;
	classes = {
	};
	objectVersion = 77;
	objects = {

/* Begin PBXBuildFile section */
		5D5D08362D44201A005D4259 /* DeviceCheck.framework in Frameworks */ = {isa = PBXBuildFile; fileRef = 5D5D08352D44201A005D4259 /* DeviceCheck.framework */; };
		5D95E4272D43F4B3004B1FB8 /* FirebaseAnalytics in Frameworks */ = {isa = PBXBuildFile; productRef = 5D95E4262D43F4B3004B1FB8 /* FirebaseAnalytics */; };
		5D95E4292D43F4B3004B1FB8 /* FirebaseAnalyticsOnDeviceConversion in Frameworks */ = {isa = PBXBuildFile; productRef = 5D95E4282D43F4B3004B1FB8 /* FirebaseAnalyticsOnDeviceConversion */; };
		5D95E42B2D43F4B3004B1FB8 /* FirebaseAnalyticsWithoutAdIdSupport in Frameworks */ = {isa = PBXBuildFile; productRef = 5D95E42A2D43F4B3004B1FB8 /* FirebaseAnalyticsWithoutAdIdSupport */; };
		5D95E42D2D43F4B3004B1FB8 /* FirebaseAppCheck in Frameworks */ = {isa = PBXBuildFile; productRef = 5D95E42C2D43F4B3004B1FB8 /* FirebaseAppCheck */; };
		5D95E42F2D43F4B3004B1FB8 /* FirebaseAppDistribution-Beta in Frameworks */ = {isa = PBXBuildFile; productRef = 5D95E42E2D43F4B3004B1FB8 /* FirebaseAppDistribution-Beta */; };
		5D95E4312D43F4B3004B1FB8 /* FirebaseAuth in Frameworks */ = {isa = PBXBuildFile; productRef = 5D95E4302D43F4B3004B1FB8 /* FirebaseAuth */; };
		5D95E4332D43F4B3004B1FB8 /* FirebaseAuthCombine-Community in Frameworks */ = {isa = PBXBuildFile; productRef = 5D95E4322D43F4B3004B1FB8 /* FirebaseAuthCombine-Community */; };
		5D95E4352D43F4B3004B1FB8 /* FirebaseCore in Frameworks */ = {isa = PBXBuildFile; productRef = 5D95E4342D43F4B3004B1FB8 /* FirebaseCore */; };
		5D95E4372D43F4B3004B1FB8 /* FirebaseCrashlytics in Frameworks */ = {isa = PBXBuildFile; productRef = 5D95E4362D43F4B3004B1FB8 /* FirebaseCrashlytics */; };
		5D95E4392D43F4B3004B1FB8 /* FirebaseDatabase in Frameworks */ = {isa = PBXBuildFile; productRef = 5D95E4382D43F4B3004B1FB8 /* FirebaseDatabase */; };
		5D95E43B2D43F4B3004B1FB8 /* FirebaseDynamicLinks in Frameworks */ = {isa = PBXBuildFile; productRef = 5D95E43A2D43F4B3004B1FB8 /* FirebaseDynamicLinks */; };
		5D95E43D2D43F4B3004B1FB8 /* FirebaseFirestore in Frameworks */ = {isa = PBXBuildFile; productRef = 5D95E43C2D43F4B3004B1FB8 /* FirebaseFirestore */; };
		5D95E43F2D43F4B3004B1FB8 /* FirebaseFirestoreCombine-Community in Frameworks */ = {isa = PBXBuildFile; productRef = 5D95E43E2D43F4B3004B1FB8 /* FirebaseFirestoreCombine-Community */; };
		5D95E4412D43F4B3004B1FB8 /* FirebaseFunctions in Frameworks */ = {isa = PBXBuildFile; productRef = 5D95E4402D43F4B3004B1FB8 /* FirebaseFunctions */; };
		5D95E4432D43F4B3004B1FB8 /* FirebaseFunctionsCombine-Community in Frameworks */ = {isa = PBXBuildFile; productRef = 5D95E4422D43F4B3004B1FB8 /* FirebaseFunctionsCombine-Community */; };
		5D95E4452D43F4B3004B1FB8 /* FirebaseInAppMessaging-Beta in Frameworks */ = {isa = PBXBuildFile; productRef = 5D95E4442D43F4B3004B1FB8 /* FirebaseInAppMessaging-Beta */; };
		5D95E4472D43F4B3004B1FB8 /* FirebaseInstallations in Frameworks */ = {isa = PBXBuildFile; productRef = 5D95E4462D43F4B3004B1FB8 /* FirebaseInstallations */; };
		5D95E4492D43F4B3004B1FB8 /* FirebaseMLModelDownloader in Frameworks */ = {isa = PBXBuildFile; productRef = 5D95E4482D43F4B3004B1FB8 /* FirebaseMLModelDownloader */; };
		5D95E44B2D43F4B3004B1FB8 /* FirebaseMessaging in Frameworks */ = {isa = PBXBuildFile; productRef = 5D95E44A2D43F4B3004B1FB8 /* FirebaseMessaging */; };
		5D95E44D2D43F4B3004B1FB8 /* FirebasePerformance in Frameworks */ = {isa = PBXBuildFile; productRef = 5D95E44C2D43F4B3004B1FB8 /* FirebasePerformance */; };
		5D95E44F2D43F4B3004B1FB8 /* FirebaseRemoteConfig in Frameworks */ = {isa = PBXBuildFile; productRef = 5D95E44E2D43F4B3004B1FB8 /* FirebaseRemoteConfig */; };
		5D95E4512D43F4B3004B1FB8 /* FirebaseStorage in Frameworks */ = {isa = PBXBuildFile; productRef = 5D95E4502D43F4B3004B1FB8 /* FirebaseStorage */; };
		5D95E4532D43F4B3004B1FB8 /* FirebaseStorageCombine-Community in Frameworks */ = {isa = PBXBuildFile; productRef = 5D95E4522D43F4B3004B1FB8 /* FirebaseStorageCombine-Community */; };
		5D95E4552D43F4D6004B1FB8 /* SwiftUI.framework in Frameworks */ = {isa = PBXBuildFile; fileRef = 5D95E4542D43F4D6004B1FB8 /* SwiftUI.framework */; };
		5DF9DF1A2D46980F005B64EE /* MapKit.framework in Frameworks */ = {isa = PBXBuildFile; fileRef = 5DF9DF192D46980F005B64EE /* MapKit.framework */; };
		F1563EDA2D510D15009A8EEE /* Charts.framework in Frameworks */ = {isa = PBXBuildFile; fileRef = F1563ED92D510D15009A8EEE /* Charts.framework */; };
/* End PBXBuildFile section */

/* Begin PBXContainerItemProxy section */
		5D23EEC12D1FCD7400779174 /* PBXContainerItemProxy */ = {
			isa = PBXContainerItemProxy;
			containerPortal = 5D23EEA42D1FCD7200779174 /* Project object */;
			proxyType = 1;
			remoteGlobalIDString = 5D23EEAB2D1FCD7200779174;
			remoteInfo = LuxMeter;
		};
		5D23EECB2D1FCD7400779174 /* PBXContainerItemProxy */ = {
			isa = PBXContainerItemProxy;
			containerPortal = 5D23EEA42D1FCD7200779174 /* Project object */;
			proxyType = 1;
			remoteGlobalIDString = 5D23EEAB2D1FCD7200779174;
			remoteInfo = LuxMeter;
		};
/* End PBXContainerItemProxy section */

/* Begin PBXFileReference section */
		5D23EEAC2D1FCD7200779174 /* LuxMeter.app */ = {isa = PBXFileReference; explicitFileType = wrapper.application; includeInIndex = 0; path = LuxMeter.app; sourceTree = BUILT_PRODUCTS_DIR; };
		5D23EEC02D1FCD7400779174 /* LuxMeterTests.xctest */ = {isa = PBXFileReference; explicitFileType = wrapper.cfbundle; includeInIndex = 0; path = LuxMeterTests.xctest; sourceTree = BUILT_PRODUCTS_DIR; };
		5D23EECA2D1FCD7400779174 /* LuxMeterUITests.xctest */ = {isa = PBXFileReference; explicitFileType = wrapper.cfbundle; includeInIndex = 0; path = LuxMeterUITests.xctest; sourceTree = BUILT_PRODUCTS_DIR; };
		5D5D08352D44201A005D4259 /* DeviceCheck.framework */ = {isa = PBXFileReference; lastKnownFileType = wrapper.framework; name = DeviceCheck.framework; path = Platforms/iPhoneOS.platform/Developer/SDKs/iPhoneOS18.2.sdk/System/Library/Frameworks/DeviceCheck.framework; sourceTree = DEVELOPER_DIR; };
		5D95E4542D43F4D6004B1FB8 /* SwiftUI.framework */ = {isa = PBXFileReference; lastKnownFileType = wrapper.framework; name = SwiftUI.framework; path = Platforms/iPhoneOS.platform/Developer/SDKs/iPhoneOS18.2.sdk/System/Library/Frameworks/SwiftUI.framework; sourceTree = DEVELOPER_DIR; };
		5DF9DF192D46980F005B64EE /* MapKit.framework */ = {isa = PBXFileReference; lastKnownFileType = wrapper.framework; name = MapKit.framework; path = Platforms/iPhoneOS.platform/Developer/SDKs/iPhoneOS18.2.sdk/System/Library/Frameworks/MapKit.framework; sourceTree = DEVELOPER_DIR; };
		F1563ED92D510D15009A8EEE /* Charts.framework */ = {isa = PBXFileReference; lastKnownFileType = wrapper.framework; name = Charts.framework; path = Platforms/iPhoneOS.platform/Developer/SDKs/iPhoneOS18.2.sdk/System/Library/Frameworks/Charts.framework; sourceTree = DEVELOPER_DIR; };
/* End PBXFileReference section */

/* Begin PBXFileSystemSynchronizedBuildFileExceptionSet section */
		5D23EED22D1FCD7400779174 /* Exceptions for "LuxMeter" folder in "LuxMeter" target */ = {
			isa = PBXFileSystemSynchronizedBuildFileExceptionSet;
			membershipExceptions = (
				Info.plist,
			);
			target = 5D23EEAB2D1FCD7200779174 /* LuxMeter */;
		};
/* End PBXFileSystemSynchronizedBuildFileExceptionSet section */

/* Begin PBXFileSystemSynchronizedRootGroup section */
		5D23EEAE2D1FCD7200779174 /* LuxMeter */ = {
			isa = PBXFileSystemSynchronizedRootGroup;
			exceptions = (
				5D23EED22D1FCD7400779174 /* Exceptions for "LuxMeter" folder in "LuxMeter" target */,
			);
			path = LuxMeter;
			sourceTree = "<group>";
		};
		5D23EEC32D1FCD7400779174 /* LuxMeterTests */ = {
			isa = PBXFileSystemSynchronizedRootGroup;
			path = LuxMeterTests;
			sourceTree = "<group>";
		};
		5D23EECD2D1FCD7400779174 /* LuxMeterUITests */ = {
			isa = PBXFileSystemSynchronizedRootGroup;
			path = LuxMeterUITests;
			sourceTree = "<group>";
		};
/* End PBXFileSystemSynchronizedRootGroup section */

/* Begin PBXFrameworksBuildPhase section */
		5D23EEA92D1FCD7200779174 /* Frameworks */ = {
			isa = PBXFrameworksBuildPhase;
			buildActionMask = 2147483647;
			files = (
				F1563EDA2D510D15009A8EEE /* Charts.framework in Frameworks */,
				5DF9DF1A2D46980F005B64EE /* MapKit.framework in Frameworks */,
				5D5D08362D44201A005D4259 /* DeviceCheck.framework in Frameworks */,
				5D95E4552D43F4D6004B1FB8 /* SwiftUI.framework in Frameworks */,
				5D95E43F2D43F4B3004B1FB8 /* FirebaseFirestoreCombine-Community in Frameworks */,
				5D95E4412D43F4B3004B1FB8 /* FirebaseFunctions in Frameworks */,
				5D95E44D2D43F4B3004B1FB8 /* FirebasePerformance in Frameworks */,
				5D95E4532D43F4B3004B1FB8 /* FirebaseStorageCombine-Community in Frameworks */,
				5D95E44F2D43F4B3004B1FB8 /* FirebaseRemoteConfig in Frameworks */,
				5D95E4392D43F4B3004B1FB8 /* FirebaseDatabase in Frameworks */,
				5D95E43B2D43F4B3004B1FB8 /* FirebaseDynamicLinks in Frameworks */,
				5D95E42D2D43F4B3004B1FB8 /* FirebaseAppCheck in Frameworks */,
				5D95E4312D43F4B3004B1FB8 /* FirebaseAuth in Frameworks */,
				5D95E4272D43F4B3004B1FB8 /* FirebaseAnalytics in Frameworks */,
				5D95E43D2D43F4B3004B1FB8 /* FirebaseFirestore in Frameworks */,
				5D95E44B2D43F4B3004B1FB8 /* FirebaseMessaging in Frameworks */,
				5D95E4472D43F4B3004B1FB8 /* FirebaseInstallations in Frameworks */,
				5D95E4432D43F4B3004B1FB8 /* FirebaseFunctionsCombine-Community in Frameworks */,
				5D95E42F2D43F4B3004B1FB8 /* FirebaseAppDistribution-Beta in Frameworks */,
				5D95E42B2D43F4B3004B1FB8 /* FirebaseAnalyticsWithoutAdIdSupport in Frameworks */,
				5D95E4452D43F4B3004B1FB8 /* FirebaseInAppMessaging-Beta in Frameworks */,
				5D95E4332D43F4B3004B1FB8 /* FirebaseAuthCombine-Community in Frameworks */,
				5D95E4372D43F4B3004B1FB8 /* FirebaseCrashlytics in Frameworks */,
				5D95E4492D43F4B3004B1FB8 /* FirebaseMLModelDownloader in Frameworks */,
				5D95E4512D43F4B3004B1FB8 /* FirebaseStorage in Frameworks */,
				5D95E4352D43F4B3004B1FB8 /* FirebaseCore in Frameworks */,
				5D95E4292D43F4B3004B1FB8 /* FirebaseAnalyticsOnDeviceConversion in Frameworks */,
			);
			runOnlyForDeploymentPostprocessing = 0;
		};
		5D23EEBD2D1FCD7400779174 /* Frameworks */ = {
			isa = PBXFrameworksBuildPhase;
			buildActionMask = 2147483647;
			files = (
			);
			runOnlyForDeploymentPostprocessing = 0;
		};
		5D23EEC72D1FCD7400779174 /* Frameworks */ = {
			isa = PBXFrameworksBuildPhase;
			buildActionMask = 2147483647;
			files = (
			);
			runOnlyForDeploymentPostprocessing = 0;
		};
/* End PBXFrameworksBuildPhase section */

/* Begin PBXGroup section */
		5D23EEA32D1FCD7200779174 = {
			isa = PBXGroup;
			children = (
				5D23EEAE2D1FCD7200779174 /* LuxMeter */,
				5D23EEC32D1FCD7400779174 /* LuxMeterTests */,
				5D23EECD2D1FCD7400779174 /* LuxMeterUITests */,
				5D23EEEA2D1FDC8200779174 /* Frameworks */,
				5D23EEAD2D1FCD7200779174 /* Products */,
			);
			sourceTree = "<group>";
		};
		5D23EEAD2D1FCD7200779174 /* Products */ = {
			isa = PBXGroup;
			children = (
				5D23EEAC2D1FCD7200779174 /* LuxMeter.app */,
				5D23EEC02D1FCD7400779174 /* LuxMeterTests.xctest */,
				5D23EECA2D1FCD7400779174 /* LuxMeterUITests.xctest */,
			);
			name = Products;
			sourceTree = "<group>";
		};
		5D23EEEA2D1FDC8200779174 /* Frameworks */ = {
			isa = PBXGroup;
			children = (
				F1563ED92D510D15009A8EEE /* Charts.framework */,
				5DF9DF192D46980F005B64EE /* MapKit.framework */,
				5D5D08352D44201A005D4259 /* DeviceCheck.framework */,
				5D95E4542D43F4D6004B1FB8 /* SwiftUI.framework */,
			);
			name = Frameworks;
			sourceTree = "<group>";
		};
/* End PBXGroup section */

/* Begin PBXNativeTarget section */
		5D23EEAB2D1FCD7200779174 /* LuxMeter */ = {
			isa = PBXNativeTarget;
			buildConfigurationList = 5D23EED32D1FCD7400779174 /* Build configuration list for PBXNativeTarget "LuxMeter" */;
			buildPhases = (
				5D23EEA82D1FCD7200779174 /* Sources */,
				5D23EEA92D1FCD7200779174 /* Frameworks */,
				5D23EEAA2D1FCD7200779174 /* Resources */,
			);
			buildRules = (
			);
			dependencies = (
			);
			fileSystemSynchronizedGroups = (
				5D23EEAE2D1FCD7200779174 /* LuxMeter */,
			);
			name = LuxMeter;
			packageProductDependencies = (
				5D95E4262D43F4B3004B1FB8 /* FirebaseAnalytics */,
				5D95E4282D43F4B3004B1FB8 /* FirebaseAnalyticsOnDeviceConversion */,
				5D95E42A2D43F4B3004B1FB8 /* FirebaseAnalyticsWithoutAdIdSupport */,
				5D95E42C2D43F4B3004B1FB8 /* FirebaseAppCheck */,
				5D95E42E2D43F4B3004B1FB8 /* FirebaseAppDistribution-Beta */,
				5D95E4302D43F4B3004B1FB8 /* FirebaseAuth */,
				5D95E4322D43F4B3004B1FB8 /* FirebaseAuthCombine-Community */,
				5D95E4342D43F4B3004B1FB8 /* FirebaseCore */,
				5D95E4362D43F4B3004B1FB8 /* FirebaseCrashlytics */,
				5D95E4382D43F4B3004B1FB8 /* FirebaseDatabase */,
				5D95E43A2D43F4B3004B1FB8 /* FirebaseDynamicLinks */,
				5D95E43C2D43F4B3004B1FB8 /* FirebaseFirestore */,
				5D95E43E2D43F4B3004B1FB8 /* FirebaseFirestoreCombine-Community */,
				5D95E4402D43F4B3004B1FB8 /* FirebaseFunctions */,
				5D95E4422D43F4B3004B1FB8 /* FirebaseFunctionsCombine-Community */,
				5D95E4442D43F4B3004B1FB8 /* FirebaseInAppMessaging-Beta */,
				5D95E4462D43F4B3004B1FB8 /* FirebaseInstallations */,
				5D95E4482D43F4B3004B1FB8 /* FirebaseMLModelDownloader */,
				5D95E44A2D43F4B3004B1FB8 /* FirebaseMessaging */,
				5D95E44C2D43F4B3004B1FB8 /* FirebasePerformance */,
				5D95E44E2D43F4B3004B1FB8 /* FirebaseRemoteConfig */,
				5D95E4502D43F4B3004B1FB8 /* FirebaseStorage */,
				5D95E4522D43F4B3004B1FB8 /* FirebaseStorageCombine-Community */,
			);
			productName = LuxMeter;
			productReference = 5D23EEAC2D1FCD7200779174 /* LuxMeter.app */;
			productType = "com.apple.product-type.application";
		};
		5D23EEBF2D1FCD7400779174 /* LuxMeterTests */ = {
			isa = PBXNativeTarget;
			buildConfigurationList = 5D23EED82D1FCD7400779174 /* Build configuration list for PBXNativeTarget "LuxMeterTests" */;
			buildPhases = (
				5D23EEBC2D1FCD7400779174 /* Sources */,
				5D23EEBD2D1FCD7400779174 /* Frameworks */,
				5D23EEBE2D1FCD7400779174 /* Resources */,
			);
			buildRules = (
			);
			dependencies = (
				5D23EEC22D1FCD7400779174 /* PBXTargetDependency */,
			);
			fileSystemSynchronizedGroups = (
				5D23EEC32D1FCD7400779174 /* LuxMeterTests */,
			);
			name = LuxMeterTests;
			packageProductDependencies = (
			);
			productName = LuxMeterTests;
			productReference = 5D23EEC02D1FCD7400779174 /* LuxMeterTests.xctest */;
			productType = "com.apple.product-type.bundle.unit-test";
		};
		5D23EEC92D1FCD7400779174 /* LuxMeterUITests */ = {
			isa = PBXNativeTarget;
			buildConfigurationList = 5D23EEDB2D1FCD7400779174 /* Build configuration list for PBXNativeTarget "LuxMeterUITests" */;
			buildPhases = (
				5D23EEC62D1FCD7400779174 /* Sources */,
				5D23EEC72D1FCD7400779174 /* Frameworks */,
				5D23EEC82D1FCD7400779174 /* Resources */,
			);
			buildRules = (
			);
			dependencies = (
				5D23EECC2D1FCD7400779174 /* PBXTargetDependency */,
			);
			fileSystemSynchronizedGroups = (
				5D23EECD2D1FCD7400779174 /* LuxMeterUITests */,
			);
			name = LuxMeterUITests;
			packageProductDependencies = (
			);
			productName = LuxMeterUITests;
			productReference = 5D23EECA2D1FCD7400779174 /* LuxMeterUITests.xctest */;
			productType = "com.apple.product-type.bundle.ui-testing";
		};
/* End PBXNativeTarget section */

/* Begin PBXProject section */
		5D23EEA42D1FCD7200779174 /* Project object */ = {
			isa = PBXProject;
			attributes = {
				BuildIndependentTargetsInParallel = 1;
				LastSwiftUpdateCheck = 1610;
				LastUpgradeCheck = 1620;
				TargetAttributes = {
					5D23EEAB2D1FCD7200779174 = {
						CreatedOnToolsVersion = 16.1;
					};
					5D23EEBF2D1FCD7400779174 = {
						CreatedOnToolsVersion = 16.1;
						TestTargetID = 5D23EEAB2D1FCD7200779174;
					};
					5D23EEC92D1FCD7400779174 = {
						CreatedOnToolsVersion = 16.1;
						TestTargetID = 5D23EEAB2D1FCD7200779174;
					};
				};
			};
			buildConfigurationList = 5D23EEA72D1FCD7200779174 /* Build configuration list for PBXProject "LuxMeter" */;
			developmentRegion = en;
			hasScannedForEncodings = 0;
			knownRegions = (
				en,
				Base,
			);
			mainGroup = 5D23EEA32D1FCD7200779174;
			minimizedProjectReferenceProxies = 1;
			packageReferences = (
				5D95E4252D43F4B3004B1FB8 /* XCRemoteSwiftPackageReference "firebase-ios-sdk" */,
			);
			preferredProjectObjectVersion = 77;
			productRefGroup = 5D23EEAD2D1FCD7200779174 /* Products */;
			projectDirPath = "";
			projectRoot = "";
			targets = (
				5D23EEAB2D1FCD7200779174 /* LuxMeter */,
				5D23EEBF2D1FCD7400779174 /* LuxMeterTests */,
				5D23EEC92D1FCD7400779174 /* LuxMeterUITests */,
			);
		};
/* End PBXProject section */

/* Begin PBXResourcesBuildPhase section */
		5D23EEAA2D1FCD7200779174 /* Resources */ = {
			isa = PBXResourcesBuildPhase;
			buildActionMask = 2147483647;
			files = (
			);
			runOnlyForDeploymentPostprocessing = 0;
		};
		5D23EEBE2D1FCD7400779174 /* Resources */ = {
			isa = PBXResourcesBuildPhase;
			buildActionMask = 2147483647;
			files = (
			);
			runOnlyForDeploymentPostprocessing = 0;
		};
		5D23EEC82D1FCD7400779174 /* Resources */ = {
			isa = PBXResourcesBuildPhase;
			buildActionMask = 2147483647;
			files = (
			);
			runOnlyForDeploymentPostprocessing = 0;
		};
/* End PBXResourcesBuildPhase section */

/* Begin PBXSourcesBuildPhase section */
		5D23EEA82D1FCD7200779174 /* Sources */ = {
			isa = PBXSourcesBuildPhase;
			buildActionMask = 2147483647;
			files = (
			);
			runOnlyForDeploymentPostprocessing = 0;
		};
		5D23EEBC2D1FCD7400779174 /* Sources */ = {
			isa = PBXSourcesBuildPhase;
			buildActionMask = 2147483647;
			files = (
			);
			runOnlyForDeploymentPostprocessing = 0;
		};
		5D23EEC62D1FCD7400779174 /* Sources */ = {
			isa = PBXSourcesBuildPhase;
			buildActionMask = 2147483647;
			files = (
			);
			runOnlyForDeploymentPostprocessing = 0;
		};
/* End PBXSourcesBuildPhase section */

/* Begin PBXTargetDependency section */
		5D23EEC22D1FCD7400779174 /* PBXTargetDependency */ = {
			isa = PBXTargetDependency;
			target = 5D23EEAB2D1FCD7200779174 /* LuxMeter */;
			targetProxy = 5D23EEC12D1FCD7400779174 /* PBXContainerItemProxy */;
		};
		5D23EECC2D1FCD7400779174 /* PBXTargetDependency */ = {
			isa = PBXTargetDependency;
			target = 5D23EEAB2D1FCD7200779174 /* LuxMeter */;
			targetProxy = 5D23EECB2D1FCD7400779174 /* PBXContainerItemProxy */;
		};
/* End PBXTargetDependency section */

/* Begin XCBuildConfiguration section */
		5D23EED42D1FCD7400779174 /* Debug */ = {
			isa = XCBuildConfiguration;
			buildSettings = {
				ASSETCATALOG_COMPILER_APPICON_NAME = AppIcon;
				ASSETCATALOG_COMPILER_GLOBAL_ACCENT_COLOR_NAME = AccentColor;
				CODE_SIGN_ENTITLEMENTS = LuxMeter/LuxMeter.entitlements;
				CODE_SIGN_STYLE = Automatic;
				CURRENT_PROJECT_VERSION = 1;
				DEAD_CODE_STRIPPING = YES;
				DEVELOPMENT_ASSET_PATHS = "\"LuxMeter/Preview Content\"";
				DEVELOPMENT_TEAM = 4TZQU4FP3C;
				ENABLE_HARDENED_RUNTIME = YES;
				ENABLE_PREVIEWS = YES;
				GENERATE_INFOPLIST_FILE = YES;
				INFOPLIST_FILE = LuxMeter/Info.plist;
				INFOPLIST_KEY_NSCameraUsageDescription = "We need access to your camera to measure light intensity.";
				"INFOPLIST_KEY_UIApplicationSceneManifest_Generation[sdk=iphoneos*]" = YES;
				"INFOPLIST_KEY_UIApplicationSceneManifest_Generation[sdk=iphonesimulator*]" = YES;
				"INFOPLIST_KEY_UIApplicationSupportsIndirectInputEvents[sdk=iphoneos*]" = YES;
				"INFOPLIST_KEY_UIApplicationSupportsIndirectInputEvents[sdk=iphonesimulator*]" = YES;
				"INFOPLIST_KEY_UILaunchScreen_Generation[sdk=iphoneos*]" = YES;
				"INFOPLIST_KEY_UILaunchScreen_Generation[sdk=iphonesimulator*]" = YES;
				"INFOPLIST_KEY_UIStatusBarStyle[sdk=iphoneos*]" = UIStatusBarStyleDefault;
				"INFOPLIST_KEY_UIStatusBarStyle[sdk=iphonesimulator*]" = UIStatusBarStyleDefault;
				INFOPLIST_KEY_UISupportedInterfaceOrientations_iPad = "UIInterfaceOrientationPortrait UIInterfaceOrientationPortraitUpsideDown UIInterfaceOrientationLandscapeLeft UIInterfaceOrientationLandscapeRight";
				INFOPLIST_KEY_UISupportedInterfaceOrientations_iPhone = "UIInterfaceOrientationPortrait UIInterfaceOrientationLandscapeLeft UIInterfaceOrientationLandscapeRight";
				IPHONEOS_DEPLOYMENT_TARGET = 16.6;
				LD_RUNPATH_SEARCH_PATHS = "@executable_path/Frameworks";
				"LD_RUNPATH_SEARCH_PATHS[sdk=macosx*]" = "@executable_path/../Frameworks";
				MACOSX_DEPLOYMENT_TARGET = 14.0;
				MARKETING_VERSION = 1.0;
				PRODUCT_BUNDLE_IDENTIFIER = "com.-LuxMeter-app.LuxMeter";
				PRODUCT_NAME = "$(TARGET_NAME)";
				SDKROOT = auto;
				SUPPORTED_PLATFORMS = "iphoneos iphonesimulator macosx xros xrsimulator";
				SWIFT_EMIT_LOC_STRINGS = YES;
				SWIFT_VERSION = 5.0;
				TARGETED_DEVICE_FAMILY = "1,2,7";
				XROS_DEPLOYMENT_TARGET = 2.1;
			};
			name = Debug;
		};
		5D23EED52D1FCD7400779174 /* Release */ = {
			isa = XCBuildConfiguration;
			buildSettings = {
				ASSETCATALOG_COMPILER_APPICON_NAME = AppIcon;
				ASSETCATALOG_COMPILER_GLOBAL_ACCENT_COLOR_NAME = AccentColor;
				CODE_SIGN_ENTITLEMENTS = LuxMeter/LuxMeter.entitlements;
				CODE_SIGN_STYLE = Automatic;
				CURRENT_PROJECT_VERSION = 1;
				DEAD_CODE_STRIPPING = YES;
				DEVELOPMENT_ASSET_PATHS = "\"LuxMeter/Preview Content\"";
				DEVELOPMENT_TEAM = 4TZQU4FP3C;
				ENABLE_HARDENED_RUNTIME = YES;
				ENABLE_PREVIEWS = YES;
				GENERATE_INFOPLIST_FILE = YES;
				INFOPLIST_FILE = LuxMeter/Info.plist;
				INFOPLIST_KEY_NSCameraUsageDescription = "We need access to your camera to measure light intensity.";
				"INFOPLIST_KEY_UIApplicationSceneManifest_Generation[sdk=iphoneos*]" = YES;
				"INFOPLIST_KEY_UIApplicationSceneManifest_Generation[sdk=iphonesimulator*]" = YES;
				"INFOPLIST_KEY_UIApplicationSupportsIndirectInputEvents[sdk=iphoneos*]" = YES;
				"INFOPLIST_KEY_UIApplicationSupportsIndirectInputEvents[sdk=iphonesimulator*]" = YES;
				"INFOPLIST_KEY_UILaunchScreen_Generation[sdk=iphoneos*]" = YES;
				"INFOPLIST_KEY_UILaunchScreen_Generation[sdk=iphonesimulator*]" = YES;
				"INFOPLIST_KEY_UIStatusBarStyle[sdk=iphoneos*]" = UIStatusBarStyleDefault;
				"INFOPLIST_KEY_UIStatusBarStyle[sdk=iphonesimulator*]" = UIStatusBarStyleDefault;
				INFOPLIST_KEY_UISupportedInterfaceOrientations_iPad = "UIInterfaceOrientationPortrait UIInterfaceOrientationPortraitUpsideDown UIInterfaceOrientationLandscapeLeft UIInterfaceOrientationLandscapeRight";
				INFOPLIST_KEY_UISupportedInterfaceOrientations_iPhone = "UIInterfaceOrientationPortrait UIInterfaceOrientationLandscapeLeft UIInterfaceOrientationLandscapeRight";
				IPHONEOS_DEPLOYMENT_TARGET = 16.6;
				LD_RUNPATH_SEARCH_PATHS = "@executable_path/Frameworks";
				"LD_RUNPATH_SEARCH_PATHS[sdk=macosx*]" = "@executable_path/../Frameworks";
				MACOSX_DEPLOYMENT_TARGET = 14.0;
				MARKETING_VERSION = 1.0;
				PRODUCT_BUNDLE_IDENTIFIER = "com.-LuxMeter-app.LuxMeter";
				PRODUCT_NAME = "$(TARGET_NAME)";
				SDKROOT = auto;
				SUPPORTED_PLATFORMS = "iphoneos iphonesimulator macosx xros xrsimulator";
				SWIFT_EMIT_LOC_STRINGS = YES;
				SWIFT_VERSION = 5.0;
				TARGETED_DEVICE_FAMILY = "1,2,7";
				XROS_DEPLOYMENT_TARGET = 2.1;
			};
			name = Release;
		};
		5D23EED62D1FCD7400779174 /* Debug */ = {
			isa = XCBuildConfiguration;
			buildSettings = {
				ALWAYS_SEARCH_USER_PATHS = NO;
				ASSETCATALOG_COMPILER_GENERATE_SWIFT_ASSET_SYMBOL_EXTENSIONS = YES;
				CLANG_ANALYZER_NONNULL = YES;
				CLANG_ANALYZER_NUMBER_OBJECT_CONVERSION = YES_AGGRESSIVE;
				CLANG_CXX_LANGUAGE_STANDARD = "gnu++20";
				CLANG_ENABLE_MODULES = YES;
				CLANG_ENABLE_OBJC_ARC = YES;
				CLANG_ENABLE_OBJC_WEAK = YES;
				CLANG_WARN_BLOCK_CAPTURE_AUTORELEASING = YES;
				CLANG_WARN_BOOL_CONVERSION = YES;
				CLANG_WARN_COMMA = YES;
				CLANG_WARN_CONSTANT_CONVERSION = YES;
				CLANG_WARN_DEPRECATED_OBJC_IMPLEMENTATIONS = YES;
				CLANG_WARN_DIRECT_OBJC_ISA_USAGE = YES_ERROR;
				CLANG_WARN_DOCUMENTATION_COMMENTS = YES;
				CLANG_WARN_EMPTY_BODY = YES;
				CLANG_WARN_ENUM_CONVERSION = YES;
				CLANG_WARN_INFINITE_RECURSION = YES;
				CLANG_WARN_INT_CONVERSION = YES;
				CLANG_WARN_NON_LITERAL_NULL_CONVERSION = YES;
				CLANG_WARN_OBJC_IMPLICIT_RETAIN_SELF = YES;
				CLANG_WARN_OBJC_LITERAL_CONVERSION = YES;
				CLANG_WARN_OBJC_ROOT_CLASS = YES_ERROR;
				CLANG_WARN_QUOTED_INCLUDE_IN_FRAMEWORK_HEADER = YES;
				CLANG_WARN_RANGE_LOOP_ANALYSIS = YES;
				CLANG_WARN_STRICT_PROTOTYPES = YES;
				CLANG_WARN_SUSPICIOUS_MOVE = YES;
				CLANG_WARN_UNGUARDED_AVAILABILITY = YES_AGGRESSIVE;
				CLANG_WARN_UNREACHABLE_CODE = YES;
				CLANG_WARN__DUPLICATE_METHOD_MATCH = YES;
				COPY_PHASE_STRIP = NO;
				DEAD_CODE_STRIPPING = YES;
				DEBUG_INFORMATION_FORMAT = dwarf;
				ENABLE_STRICT_OBJC_MSGSEND = YES;
				ENABLE_TESTABILITY = YES;
				ENABLE_USER_SCRIPT_SANDBOXING = YES;
				GCC_C_LANGUAGE_STANDARD = gnu17;
				GCC_DYNAMIC_NO_PIC = NO;
				GCC_NO_COMMON_BLOCKS = YES;
				GCC_OPTIMIZATION_LEVEL = 0;
				GCC_PREPROCESSOR_DEFINITIONS = (
					"DEBUG=1",
					"$(inherited)",
				);
				GCC_WARN_64_TO_32_BIT_CONVERSION = YES;
				GCC_WARN_ABOUT_RETURN_TYPE = YES_ERROR;
				GCC_WARN_UNDECLARED_SELECTOR = YES;
				GCC_WARN_UNINITIALIZED_AUTOS = YES_AGGRESSIVE;
				GCC_WARN_UNUSED_FUNCTION = YES;
				GCC_WARN_UNUSED_VARIABLE = YES;
				LOCALIZATION_PREFERS_STRING_CATALOGS = YES;
				MTL_ENABLE_DEBUG_INFO = INCLUDE_SOURCE;
				MTL_FAST_MATH = YES;
				ONLY_ACTIVE_ARCH = YES;
				SWIFT_ACTIVE_COMPILATION_CONDITIONS = "DEBUG $(inherited)";
				SWIFT_OPTIMIZATION_LEVEL = "-Onone";
			};
			name = Debug;
		};
		5D23EED72D1FCD7400779174 /* Release */ = {
			isa = XCBuildConfiguration;
			buildSettings = {
				ALWAYS_SEARCH_USER_PATHS = NO;
				ASSETCATALOG_COMPILER_GENERATE_SWIFT_ASSET_SYMBOL_EXTENSIONS = YES;
				CLANG_ANALYZER_NONNULL = YES;
				CLANG_ANALYZER_NUMBER_OBJECT_CONVERSION = YES_AGGRESSIVE;
				CLANG_CXX_LANGUAGE_STANDARD = "gnu++20";
				CLANG_ENABLE_MODULES = YES;
				CLANG_ENABLE_OBJC_ARC = YES;
				CLANG_ENABLE_OBJC_WEAK = YES;
				CLANG_WARN_BLOCK_CAPTURE_AUTORELEASING = YES;
				CLANG_WARN_BOOL_CONVERSION = YES;
				CLANG_WARN_COMMA = YES;
				CLANG_WARN_CONSTANT_CONVERSION = YES;
				CLANG_WARN_DEPRECATED_OBJC_IMPLEMENTATIONS = YES;
				CLANG_WARN_DIRECT_OBJC_ISA_USAGE = YES_ERROR;
				CLANG_WARN_DOCUMENTATION_COMMENTS = YES;
				CLANG_WARN_EMPTY_BODY = YES;
				CLANG_WARN_ENUM_CONVERSION = YES;
				CLANG_WARN_INFINITE_RECURSION = YES;
				CLANG_WARN_INT_CONVERSION = YES;
				CLANG_WARN_NON_LITERAL_NULL_CONVERSION = YES;
				CLANG_WARN_OBJC_IMPLICIT_RETAIN_SELF = YES;
				CLANG_WARN_OBJC_LITERAL_CONVERSION = YES;
				CLANG_WARN_OBJC_ROOT_CLASS = YES_ERROR;
				CLANG_WARN_QUOTED_INCLUDE_IN_FRAMEWORK_HEADER = YES;
				CLANG_WARN_RANGE_LOOP_ANALYSIS = YES;
				CLANG_WARN_STRICT_PROTOTYPES = YES;
				CLANG_WARN_SUSPICIOUS_MOVE = YES;
				CLANG_WARN_UNGUARDED_AVAILABILITY = YES_AGGRESSIVE;
				CLANG_WARN_UNREACHABLE_CODE = YES;
				CLANG_WARN__DUPLICATE_METHOD_MATCH = YES;
				COPY_PHASE_STRIP = NO;
				DEAD_CODE_STRIPPING = YES;
				DEBUG_INFORMATION_FORMAT = "dwarf-with-dsym";
				ENABLE_NS_ASSERTIONS = NO;
				ENABLE_STRICT_OBJC_MSGSEND = YES;
				ENABLE_USER_SCRIPT_SANDBOXING = YES;
				GCC_C_LANGUAGE_STANDARD = gnu17;
				GCC_NO_COMMON_BLOCKS = YES;
				GCC_WARN_64_TO_32_BIT_CONVERSION = YES;
				GCC_WARN_ABOUT_RETURN_TYPE = YES_ERROR;
				GCC_WARN_UNDECLARED_SELECTOR = YES;
				GCC_WARN_UNINITIALIZED_AUTOS = YES_AGGRESSIVE;
				GCC_WARN_UNUSED_FUNCTION = YES;
				GCC_WARN_UNUSED_VARIABLE = YES;
				LOCALIZATION_PREFERS_STRING_CATALOGS = YES;
				MTL_ENABLE_DEBUG_INFO = NO;
				MTL_FAST_MATH = YES;
				SWIFT_COMPILATION_MODE = wholemodule;
			};
			name = Release;
		};
		5D23EED92D1FCD7400779174 /* Debug */ = {
			isa = XCBuildConfiguration;
			buildSettings = {
				BUNDLE_LOADER = "$(TEST_HOST)";
				CODE_SIGN_STYLE = Automatic;
				CURRENT_PROJECT_VERSION = 1;
				DEAD_CODE_STRIPPING = YES;
				DEVELOPMENT_TEAM = 4TZQU4FP3C;
				GENERATE_INFOPLIST_FILE = YES;
				IPHONEOS_DEPLOYMENT_TARGET = 18.1;
				MACOSX_DEPLOYMENT_TARGET = 15.1;
				MARKETING_VERSION = 1.0;
				PRODUCT_BUNDLE_IDENTIFIER = "com.-LuxMeter-app.LuxMeterTests";
				PRODUCT_NAME = "$(TARGET_NAME)";
				SDKROOT = auto;
				SUPPORTED_PLATFORMS = "iphoneos iphonesimulator macosx xros xrsimulator";
				SWIFT_EMIT_LOC_STRINGS = NO;
				SWIFT_VERSION = 5.0;
				TARGETED_DEVICE_FAMILY = "1,2,7";
				TEST_HOST = "$(BUILT_PRODUCTS_DIR)/LuxMeter.app/$(BUNDLE_EXECUTABLE_FOLDER_PATH)/LuxMeter";
				XROS_DEPLOYMENT_TARGET = 2.1;
			};
			name = Debug;
		};
		5D23EEDA2D1FCD7400779174 /* Release */ = {
			isa = XCBuildConfiguration;
			buildSettings = {
				BUNDLE_LOADER = "$(TEST_HOST)";
				CODE_SIGN_STYLE = Automatic;
				CURRENT_PROJECT_VERSION = 1;
				DEAD_CODE_STRIPPING = YES;
				DEVELOPMENT_TEAM = 4TZQU4FP3C;
				GENERATE_INFOPLIST_FILE = YES;
				IPHONEOS_DEPLOYMENT_TARGET = 18.1;
				MACOSX_DEPLOYMENT_TARGET = 15.1;
				MARKETING_VERSION = 1.0;
				PRODUCT_BUNDLE_IDENTIFIER = "com.-LuxMeter-app.LuxMeterTests";
				PRODUCT_NAME = "$(TARGET_NAME)";
				SDKROOT = auto;
				SUPPORTED_PLATFORMS = "iphoneos iphonesimulator macosx xros xrsimulator";
				SWIFT_EMIT_LOC_STRINGS = NO;
				SWIFT_VERSION = 5.0;
				TARGETED_DEVICE_FAMILY = "1,2,7";
				TEST_HOST = "$(BUILT_PRODUCTS_DIR)/LuxMeter.app/$(BUNDLE_EXECUTABLE_FOLDER_PATH)/LuxMeter";
				XROS_DEPLOYMENT_TARGET = 2.1;
			};
			name = Release;
		};
		5D23EEDC2D1FCD7400779174 /* Debug */ = {
			isa = XCBuildConfiguration;
			buildSettings = {
				CODE_SIGN_STYLE = Automatic;
				CURRENT_PROJECT_VERSION = 1;
				DEAD_CODE_STRIPPING = YES;
				DEVELOPMENT_TEAM = 4TZQU4FP3C;
				GENERATE_INFOPLIST_FILE = YES;
				IPHONEOS_DEPLOYMENT_TARGET = 18.1;
				MACOSX_DEPLOYMENT_TARGET = 15.1;
				MARKETING_VERSION = 1.0;
				PRODUCT_BUNDLE_IDENTIFIER = "com.-LuxMeter-app.LuxMeterUITests";
				PRODUCT_NAME = "$(TARGET_NAME)";
				SDKROOT = auto;
				SUPPORTED_PLATFORMS = "iphoneos iphonesimulator macosx xros xrsimulator";
				SWIFT_EMIT_LOC_STRINGS = NO;
				SWIFT_VERSION = 5.0;
				TARGETED_DEVICE_FAMILY = "1,2,7";
				TEST_TARGET_NAME = LuxMeter;
				XROS_DEPLOYMENT_TARGET = 2.1;
			};
			name = Debug;
		};
		5D23EEDD2D1FCD7400779174 /* Release */ = {
			isa = XCBuildConfiguration;
			buildSettings = {
				CODE_SIGN_STYLE = Automatic;
				CURRENT_PROJECT_VERSION = 1;
				DEAD_CODE_STRIPPING = YES;
				DEVELOPMENT_TEAM = 4TZQU4FP3C;
				GENERATE_INFOPLIST_FILE = YES;
				IPHONEOS_DEPLOYMENT_TARGET = 18.1;
				MACOSX_DEPLOYMENT_TARGET = 15.1;
				MARKETING_VERSION = 1.0;
				PRODUCT_BUNDLE_IDENTIFIER = "com.-LuxMeter-app.LuxMeterUITests";
				PRODUCT_NAME = "$(TARGET_NAME)";
				SDKROOT = auto;
				SUPPORTED_PLATFORMS = "iphoneos iphonesimulator macosx xros xrsimulator";
				SWIFT_EMIT_LOC_STRINGS = NO;
				SWIFT_VERSION = 5.0;
				TARGETED_DEVICE_FAMILY = "1,2,7";
				TEST_TARGET_NAME = LuxMeter;
				XROS_DEPLOYMENT_TARGET = 2.1;
			};
			name = Release;
		};
/* End XCBuildConfiguration section */

/* Begin XCConfigurationList section */
		5D23EEA72D1FCD7200779174 /* Build configuration list for PBXProject "LuxMeter" */ = {
			isa = XCConfigurationList;
			buildConfigurations = (
				5D23EED62D1FCD7400779174 /* Debug */,
				5D23EED72D1FCD7400779174 /* Release */,
			);
			defaultConfigurationIsVisible = 0;
			defaultConfigurationName = Release;
		};
		5D23EED32D1FCD7400779174 /* Build configuration list for PBXNativeTarget "LuxMeter" */ = {
			isa = XCConfigurationList;
			buildConfigurations = (
				5D23EED42D1FCD7400779174 /* Debug */,
				5D23EED52D1FCD7400779174 /* Release */,
			);
			defaultConfigurationIsVisible = 0;
			defaultConfigurationName = Release;
		};
		5D23EED82D1FCD7400779174 /* Build configuration list for PBXNativeTarget "LuxMeterTests" */ = {
			isa = XCConfigurationList;
			buildConfigurations = (
				5D23EED92D1FCD7400779174 /* Debug */,
				5D23EEDA2D1FCD7400779174 /* Release */,
			);
			defaultConfigurationIsVisible = 0;
			defaultConfigurationName = Release;
		};
		5D23EEDB2D1FCD7400779174 /* Build configuration list for PBXNativeTarget "LuxMeterUITests" */ = {
			isa = XCConfigurationList;
			buildConfigurations = (
				5D23EEDC2D1FCD7400779174 /* Debug */,
				5D23EEDD2D1FCD7400779174 /* Release */,
			);
			defaultConfigurationIsVisible = 0;
			defaultConfigurationName = Release;
		};
/* End XCConfigurationList section */

/* Begin XCRemoteSwiftPackageReference section */
		5D95E4252D43F4B3004B1FB8 /* XCRemoteSwiftPackageReference "firebase-ios-sdk" */ = {
			isa = XCRemoteSwiftPackageReference;
			repositoryURL = "https://github.com/firebase/firebase-ios-sdk";
			requirement = {
				kind = upToNextMajorVersion;
				minimumVersion = 11.7.0;
			};
		};
/* End XCRemoteSwiftPackageReference section */

/* Begin XCSwiftPackageProductDependency section */
		5D95E4262D43F4B3004B1FB8 /* FirebaseAnalytics */ = {
			isa = XCSwiftPackageProductDependency;
			package = 5D95E4252D43F4B3004B1FB8 /* XCRemoteSwiftPackageReference "firebase-ios-sdk" */;
			productName = FirebaseAnalytics;
		};
		5D95E4282D43F4B3004B1FB8 /* FirebaseAnalyticsOnDeviceConversion */ = {
			isa = XCSwiftPackageProductDependency;
			package = 5D95E4252D43F4B3004B1FB8 /* XCRemoteSwiftPackageReference "firebase-ios-sdk" */;
			productName = FirebaseAnalyticsOnDeviceConversion;
		};
		5D95E42A2D43F4B3004B1FB8 /* FirebaseAnalyticsWithoutAdIdSupport */ = {
			isa = XCSwiftPackageProductDependency;
			package = 5D95E4252D43F4B3004B1FB8 /* XCRemoteSwiftPackageReference "firebase-ios-sdk" */;
			productName = FirebaseAnalyticsWithoutAdIdSupport;
		};
		5D95E42C2D43F4B3004B1FB8 /* FirebaseAppCheck */ = {
			isa = XCSwiftPackageProductDependency;
			package = 5D95E4252D43F4B3004B1FB8 /* XCRemoteSwiftPackageReference "firebase-ios-sdk" */;
			productName = FirebaseAppCheck;
		};
		5D95E42E2D43F4B3004B1FB8 /* FirebaseAppDistribution-Beta */ = {
			isa = XCSwiftPackageProductDependency;
			package = 5D95E4252D43F4B3004B1FB8 /* XCRemoteSwiftPackageReference "firebase-ios-sdk" */;
			productName = "FirebaseAppDistribution-Beta";
		};
		5D95E4302D43F4B3004B1FB8 /* FirebaseAuth */ = {
			isa = XCSwiftPackageProductDependency;
			package = 5D95E4252D43F4B3004B1FB8 /* XCRemoteSwiftPackageReference "firebase-ios-sdk" */;
			productName = FirebaseAuth;
		};
		5D95E4322D43F4B3004B1FB8 /* FirebaseAuthCombine-Community */ = {
			isa = XCSwiftPackageProductDependency;
			package = 5D95E4252D43F4B3004B1FB8 /* XCRemoteSwiftPackageReference "firebase-ios-sdk" */;
			productName = "FirebaseAuthCombine-Community";
		};
		5D95E4342D43F4B3004B1FB8 /* FirebaseCore */ = {
			isa = XCSwiftPackageProductDependency;
			package = 5D95E4252D43F4B3004B1FB8 /* XCRemoteSwiftPackageReference "firebase-ios-sdk" */;
			productName = FirebaseCore;
		};
		5D95E4362D43F4B3004B1FB8 /* FirebaseCrashlytics */ = {
			isa = XCSwiftPackageProductDependency;
			package = 5D95E4252D43F4B3004B1FB8 /* XCRemoteSwiftPackageReference "firebase-ios-sdk" */;
			productName = FirebaseCrashlytics;
		};
		5D95E4382D43F4B3004B1FB8 /* FirebaseDatabase */ = {
			isa = XCSwiftPackageProductDependency;
			package = 5D95E4252D43F4B3004B1FB8 /* XCRemoteSwiftPackageReference "firebase-ios-sdk" */;
			productName = FirebaseDatabase;
		};
		5D95E43A2D43F4B3004B1FB8 /* FirebaseDynamicLinks */ = {
			isa = XCSwiftPackageProductDependency;
			package = 5D95E4252D43F4B3004B1FB8 /* XCRemoteSwiftPackageReference "firebase-ios-sdk" */;
			productName = FirebaseDynamicLinks;
		};
		5D95E43C2D43F4B3004B1FB8 /* FirebaseFirestore */ = {
			isa = XCSwiftPackageProductDependency;
			package = 5D95E4252D43F4B3004B1FB8 /* XCRemoteSwiftPackageReference "firebase-ios-sdk" */;
			productName = FirebaseFirestore;
		};
		5D95E43E2D43F4B3004B1FB8 /* FirebaseFirestoreCombine-Community */ = {
			isa = XCSwiftPackageProductDependency;
			package = 5D95E4252D43F4B3004B1FB8 /* XCRemoteSwiftPackageReference "firebase-ios-sdk" */;
			productName = "FirebaseFirestoreCombine-Community";
		};
		5D95E4402D43F4B3004B1FB8 /* FirebaseFunctions */ = {
			isa = XCSwiftPackageProductDependency;
			package = 5D95E4252D43F4B3004B1FB8 /* XCRemoteSwiftPackageReference "firebase-ios-sdk" */;
			productName = FirebaseFunctions;
		};
		5D95E4422D43F4B3004B1FB8 /* FirebaseFunctionsCombine-Community */ = {
			isa = XCSwiftPackageProductDependency;
			package = 5D95E4252D43F4B3004B1FB8 /* XCRemoteSwiftPackageReference "firebase-ios-sdk" */;
			productName = "FirebaseFunctionsCombine-Community";
		};
		5D95E4442D43F4B3004B1FB8 /* FirebaseInAppMessaging-Beta */ = {
			isa = XCSwiftPackageProductDependency;
			package = 5D95E4252D43F4B3004B1FB8 /* XCRemoteSwiftPackageReference "firebase-ios-sdk" */;
			productName = "FirebaseInAppMessaging-Beta";
		};
		5D95E4462D43F4B3004B1FB8 /* FirebaseInstallations */ = {
			isa = XCSwiftPackageProductDependency;
			package = 5D95E4252D43F4B3004B1FB8 /* XCRemoteSwiftPackageReference "firebase-ios-sdk" */;
			productName = FirebaseInstallations;
		};
		5D95E4482D43F4B3004B1FB8 /* FirebaseMLModelDownloader */ = {
			isa = XCSwiftPackageProductDependency;
			package = 5D95E4252D43F4B3004B1FB8 /* XCRemoteSwiftPackageReference "firebase-ios-sdk" */;
			productName = FirebaseMLModelDownloader;
		};
		5D95E44A2D43F4B3004B1FB8 /* FirebaseMessaging */ = {
			isa = XCSwiftPackageProductDependency;
			package = 5D95E4252D43F4B3004B1FB8 /* XCRemoteSwiftPackageReference "firebase-ios-sdk" */;
			productName = FirebaseMessaging;
		};
		5D95E44C2D43F4B3004B1FB8 /* FirebasePerformance */ = {
			isa = XCSwiftPackageProductDependency;
			package = 5D95E4252D43F4B3004B1FB8 /* XCRemoteSwiftPackageReference "firebase-ios-sdk" */;
			productName = FirebasePerformance;
		};
		5D95E44E2D43F4B3004B1FB8 /* FirebaseRemoteConfig */ = {
			isa = XCSwiftPackageProductDependency;
			package = 5D95E4252D43F4B3004B1FB8 /* XCRemoteSwiftPackageReference "firebase-ios-sdk" */;
			productName = FirebaseRemoteConfig;
		};
		5D95E4502D43F4B3004B1FB8 /* FirebaseStorage */ = {
			isa = XCSwiftPackageProductDependency;
			package = 5D95E4252D43F4B3004B1FB8 /* XCRemoteSwiftPackageReference "firebase-ios-sdk" */;
			productName = FirebaseStorage;
		};
		5D95E4522D43F4B3004B1FB8 /* FirebaseStorageCombine-Community */ = {
			isa = XCSwiftPackageProductDependency;
			package = 5D95E4252D43F4B3004B1FB8 /* XCRemoteSwiftPackageReference "firebase-ios-sdk" */;
			productName = "FirebaseStorageCombine-Community";
		};
/* End XCSwiftPackageProductDependency section */
	};
	rootObject = 5D23EEA42D1FCD7200779174 /* Project object */;
}
